// !$*UTF8*$!
{
	archiveVersion = 1;
	classes = {
	};
	objectVersion = 70;
	objects = {

/* Begin PBXBuildFile section */
		DE143AF42EAC148F00FC423C /* GoogleService-Info.plist in Resources */ = {isa = PBXBuildFile; fileRef = DE143AF32EAC148F00FC423C /* GoogleService-Info.plist */; };
		DE143AFC2EAC1A0100FC423C /* FirebaseCore in Frameworks */ = {isa = PBXBuildFile; productRef = DE143AFB2EAC1A0100FC423C /* FirebaseCore */; };
		DE143AFE2EAC1A0600FC423C /* FirebaseAuth in Frameworks */ = {isa = PBXBuildFile; productRef = DE143AFD2EAC1A0600FC423C /* FirebaseAuth */; };
		F967F3F52EC1397C00BFA7C4 /* FirebaseFirestore in Frameworks */ = {isa = PBXBuildFile; productRef = F967F3F42EC1397C00BFA7C4 /* FirebaseFirestore */; };
/* End PBXBuildFile section */

/* Begin PBXContainerItemProxy section */
		DEC3F5BC2EA02F22001F6509 /* PBXContainerItemProxy */ = {
			isa = PBXContainerItemProxy;
			containerPortal = DEC3F5A62EA02F20001F6509 /* Project object */;
			proxyType = 1;
			remoteGlobalIDString = DEC3F5AD2EA02F20001F6509;
			remoteInfo = CycleSpot;
		};
		DEC3F5C62EA02F22001F6509 /* PBXContainerItemProxy */ = {
			isa = PBXContainerItemProxy;
			containerPortal = DEC3F5A62EA02F20001F6509 /* Project object */;
			proxyType = 1;
			remoteGlobalIDString = DEC3F5AD2EA02F20001F6509;
			remoteInfo = CycleSpot;
		};
/* End PBXContainerItemProxy section */

/* Begin PBXFileReference section */
		DE143AF32EAC148F00FC423C /* GoogleService-Info.plist */ = {isa = PBXFileReference; lastKnownFileType = text.plist.xml; path = "GoogleService-Info.plist"; sourceTree = "<group>"; };
		DEC3F5AE2EA02F20001F6509 /* CycleSpot.app */ = {isa = PBXFileReference; explicitFileType = wrapper.application; includeInIndex = 0; path = CycleSpot.app; sourceTree = BUILT_PRODUCTS_DIR; };
		DEC3F5BB2EA02F22001F6509 /* CycleSpotTests.xctest */ = {isa = PBXFileReference; explicitFileType = wrapper.cfbundle; includeInIndex = 0; path = CycleSpotTests.xctest; sourceTree = BUILT_PRODUCTS_DIR; };
		DEC3F5C52EA02F22001F6509 /* CycleSpotUITests.xctest */ = {isa = PBXFileReference; explicitFileType = wrapper.cfbundle; includeInIndex = 0; path = CycleSpotUITests.xctest; sourceTree = BUILT_PRODUCTS_DIR; };
/* End PBXFileReference section */

/* Begin PBXFileSystemSynchronizedRootGroup section */
		DEC3F5B02EA02F20001F6509 /* CycleSpot */ = {isa = PBXFileSystemSynchronizedRootGroup; explicitFileTypes = {}; explicitFolders = (); path = CycleSpot; sourceTree = "<group>"; };
		DEC3F5BE2EA02F22001F6509 /* CycleSpotTests */ = {isa = PBXFileSystemSynchronizedRootGroup; explicitFileTypes = {}; explicitFolders = (); path = CycleSpotTests; sourceTree = "<group>"; };
		DEC3F5C82EA02F22001F6509 /* CycleSpotUITests */ = {isa = PBXFileSystemSynchronizedRootGroup; explicitFileTypes = {}; explicitFolders = (); path = CycleSpotUITests; sourceTree = "<group>"; };
/* End PBXFileSystemSynchronizedRootGroup section */

/* Begin PBXFrameworksBuildPhase section */
		DEC3F5AB2EA02F20001F6509 /* Frameworks */ = {
			isa = PBXFrameworksBuildPhase;
			buildActionMask = 2147483647;
			files = (
				DE143AFC2EAC1A0100FC423C /* FirebaseCore in Frameworks */,
				DE143AFE2EAC1A0600FC423C /* FirebaseAuth in Frameworks */,
				F967F3F52EC1397C00BFA7C4 /* FirebaseFirestore in Frameworks */,
			);
			runOnlyForDeploymentPostprocessing = 0;
		};
		DEC3F5B82EA02F22001F6509 /* Frameworks */ = {
			isa = PBXFrameworksBuildPhase;
			buildActionMask = 2147483647;
			files = (
			);
			runOnlyForDeploymentPostprocessing = 0;
		};
		DEC3F5C22EA02F22001F6509 /* Frameworks */ = {
			isa = PBXFrameworksBuildPhase;
			buildActionMask = 2147483647;
			files = (
			);
			runOnlyForDeploymentPostprocessing = 0;
		};
/* End PBXFrameworksBuildPhase section */

/* Begin PBXGroup section */
		DE143AFA2EAC1A0100FC423C /* Frameworks */ = {
			isa = PBXGroup;
			children = (
			);
			name = Frameworks;
			sourceTree = "<group>";
		};
		DEC3F5A52EA02F20001F6509 = {
			isa = PBXGroup;
			children = (
				DE143AF32EAC148F00FC423C /* GoogleService-Info.plist */,
				DEC3F5B02EA02F20001F6509 /* CycleSpot */,
				DEC3F5BE2EA02F22001F6509 /* CycleSpotTests */,
				DEC3F5C82EA02F22001F6509 /* CycleSpotUITests */,
				DE143AFA2EAC1A0100FC423C /* Frameworks */,
				DEC3F5AF2EA02F20001F6509 /* Products */,
			);
			sourceTree = "<group>";
		};
		DEC3F5AF2EA02F20001F6509 /* Products */ = {
			isa = PBXGroup;
			children = (
				DEC3F5AE2EA02F20001F6509 /* CycleSpot.app */,
				DEC3F5BB2EA02F22001F6509 /* CycleSpotTests.xctest */,
				DEC3F5C52EA02F22001F6509 /* CycleSpotUITests.xctest */,
			);
			name = Products;
			sourceTree = "<group>";
		};
/* End PBXGroup section */

/* Begin PBXNativeTarget section */
		DEC3F5AD2EA02F20001F6509 /* CycleSpot */ = {
			isa = PBXNativeTarget;
			buildConfigurationList = DEC3F5CF2EA02F22001F6509 /* Build configuration list for PBXNativeTarget "CycleSpot" */;
			buildPhases = (
				DEC3F5AA2EA02F20001F6509 /* Sources */,
				DEC3F5AB2EA02F20001F6509 /* Frameworks */,
				DEC3F5AC2EA02F20001F6509 /* Resources */,
			);
			buildRules = (
			);
			dependencies = (
				DE143AF92EAC19F500FC423C /* PBXTargetDependency */,
				DE143AF72EAC196A00FC423C /* PBXTargetDependency */,
			);
			fileSystemSynchronizedGroups = (
				DEC3F5B02EA02F20001F6509 /* CycleSpot */,
			);
			name = CycleSpot;
			packageProductDependencies = (
				DE143AFB2EAC1A0100FC423C /* FirebaseCore */,
				DE143AFD2EAC1A0600FC423C /* FirebaseAuth */,
				F967F3F42EC1397C00BFA7C4 /* FirebaseFirestore */,
			);
			productName = CycleSpot;
			productReference = DEC3F5AE2EA02F20001F6509 /* CycleSpot.app */;
			productType = "com.apple.product-type.application";
		};
		DEC3F5BA2EA02F22001F6509 /* CycleSpotTests */ = {
			isa = PBXNativeTarget;
			buildConfigurationList = DEC3F5D22EA02F22001F6509 /* Build configuration list for PBXNativeTarget "CycleSpotTests" */;
			buildPhases = (
				DEC3F5B72EA02F22001F6509 /* Sources */,
				DEC3F5B82EA02F22001F6509 /* Frameworks */,
				DEC3F5B92EA02F22001F6509 /* Resources */,
			);
			buildRules = (
			);
			dependencies = (
				DEC3F5BD2EA02F22001F6509 /* PBXTargetDependency */,
			);
			fileSystemSynchronizedGroups = (
				DEC3F5BE2EA02F22001F6509 /* CycleSpotTests */,
			);
			name = CycleSpotTests;
			packageProductDependencies = (
			);
			productName = CycleSpotTests;
			productReference = DEC3F5BB2EA02F22001F6509 /* CycleSpotTests.xctest */;
			productType = "com.apple.product-type.bundle.unit-test";
		};
		DEC3F5C42EA02F22001F6509 /* CycleSpotUITests */ = {
			isa = PBXNativeTarget;
			buildConfigurationList = DEC3F5D52EA02F22001F6509 /* Build configuration list for PBXNativeTarget "CycleSpotUITests" */;
			buildPhases = (
				DEC3F5C12EA02F22001F6509 /* Sources */,
				DEC3F5C22EA02F22001F6509 /* Frameworks */,
				DEC3F5C32EA02F22001F6509 /* Resources */,
			);
			buildRules = (
			);
			dependencies = (
				DEC3F5C72EA02F22001F6509 /* PBXTargetDependency */,
			);
			fileSystemSynchronizedGroups = (
				DEC3F5C82EA02F22001F6509 /* CycleSpotUITests */,
			);
			name = CycleSpotUITests;
			packageProductDependencies = (
			);
			productName = CycleSpotUITests;
			productReference = DEC3F5C52EA02F22001F6509 /* CycleSpotUITests.xctest */;
			productType = "com.apple.product-type.bundle.ui-testing";
		};
/* End PBXNativeTarget section */

/* Begin PBXProject section */
		DEC3F5A62EA02F20001F6509 /* Project object */ = {
			isa = PBXProject;
			attributes = {
				BuildIndependentTargetsInParallel = 1;
				LastSwiftUpdateCheck = 1640;
				LastUpgradeCheck = 1640;
				TargetAttributes = {
					DEC3F5AD2EA02F20001F6509 = {
						CreatedOnToolsVersion = 16.4;
					};
					DEC3F5BA2EA02F22001F6509 = {
						CreatedOnToolsVersion = 16.4;
						TestTargetID = DEC3F5AD2EA02F20001F6509;
					};
					DEC3F5C42EA02F22001F6509 = {
						CreatedOnToolsVersion = 16.4;
						TestTargetID = DEC3F5AD2EA02F20001F6509;
					};
				};
			};
			buildConfigurationList = DEC3F5A92EA02F20001F6509 /* Build configuration list for PBXProject "CycleSpot" */;
			compatibilityVersion = "Xcode 15.3";
			developmentRegion = en;
			hasScannedForEncodings = 0;
			knownRegions = (
				en,
				Base,
			);
			mainGroup = DEC3F5A52EA02F20001F6509;
			minimizedProjectReferenceProxies = 1;
			packageReferences = (
				DE143AF52EAC14F900FC423C /* XCRemoteSwiftPackageReference "firebase-ios-sdk" */,
			);
			productRefGroup = DEC3F5AF2EA02F20001F6509 /* Products */;
			projectDirPath = "";
			projectRoot = "";
			targets = (
				DEC3F5AD2EA02F20001F6509 /* CycleSpot */,
				DEC3F5BA2EA02F22001F6509 /* CycleSpotTests */,
				DEC3F5C42EA02F22001F6509 /* CycleSpotUITests */,
			);
		};
/* End PBXProject section */

/* Begin PBXResourcesBuildPhase section */
		DEC3F5AC2EA02F20001F6509 /* Resources */ = {
			isa = PBXResourcesBuildPhase;
			buildActionMask = 2147483647;
			files = (
				DE143AF42EAC148F00FC423C /* GoogleService-Info.plist in Resources */,
			);
			runOnlyForDeploymentPostprocessing = 0;
		};
		DEC3F5B92EA02F22001F6509 /* Resources */ = {
			isa = PBXResourcesBuildPhase;
			buildActionMask = 2147483647;
			files = (
			);
			runOnlyForDeploymentPostprocessing = 0;
		};
		DEC3F5C32EA02F22001F6509 /* Resources */ = {
			isa = PBXResourcesBuildPhase;
			buildActionMask = 2147483647;
			files = (
			);
			runOnlyForDeploymentPostprocessing = 0;
		};
/* End PBXResourcesBuildPhase section */

/* Begin PBXSourcesBuildPhase section */
		DEC3F5AA2EA02F20001F6509 /* Sources */ = {
			isa = PBXSourcesBuildPhase;
			buildActionMask = 2147483647;
			files = (
			);
			runOnlyForDeploymentPostprocessing = 0;
		};
		DEC3F5B72EA02F22001F6509 /* Sources */ = {
			isa = PBXSourcesBuildPhase;
			buildActionMask = 2147483647;
			files = (
			);
			runOnlyForDeploymentPostprocessing = 0;
		};
		DEC3F5C12EA02F22001F6509 /* Sources */ = {
			isa = PBXSourcesBuildPhase;
			buildActionMask = 2147483647;
			files = (
			);
			runOnlyForDeploymentPostprocessing = 0;
		};
/* End PBXSourcesBuildPhase section */

/* Begin PBXTargetDependency section */
		DE143AF72EAC196A00FC423C /* PBXTargetDependency */ = {
			isa = PBXTargetDependency;
			productRef = DE143AF62EAC196A00FC423C /* FirebaseCore */;
		};
		DE143AF92EAC19F500FC423C /* PBXTargetDependency */ = {
			isa = PBXTargetDependency;
			productRef = DE143AF82EAC19F500FC423C /* FirebaseAuth */;
		};
		DEC3F5BD2EA02F22001F6509 /* PBXTargetDependency */ = {
			isa = PBXTargetDependency;
			target = DEC3F5AD2EA02F20001F6509 /* CycleSpot */;
			targetProxy = DEC3F5BC2EA02F22001F6509 /* PBXContainerItemProxy */;
		};
		DEC3F5C72EA02F22001F6509 /* PBXTargetDependency */ = {
			isa = PBXTargetDependency;
			target = DEC3F5AD2EA02F20001F6509 /* CycleSpot */;
			targetProxy = DEC3F5C62EA02F22001F6509 /* PBXContainerItemProxy */;
		};
/* End PBXTargetDependency section */

/* Begin XCBuildConfiguration section */
		DEC3F5CD2EA02F22001F6509 /* Debug */ = {
			isa = XCBuildConfiguration;
			buildSettings = {
				ALWAYS_SEARCH_USER_PATHS = NO;
				ASSETCATALOG_COMPILER_GENERATE_SWIFT_ASSET_SYMBOL_EXTENSIONS = YES;
				CLANG_ANALYZER_NONNULL = YES;
				CLANG_ANALYZER_NUMBER_OBJECT_CONVERSION = YES_AGGRESSIVE;
				CLANG_CXX_LANGUAGE_STANDARD = "gnu++20";
				CLANG_ENABLE_MODULES = YES;
				CLANG_ENABLE_OBJC_ARC = YES;
				CLANG_ENABLE_OBJC_WEAK = YES;
				CLANG_WARN_BLOCK_CAPTURE_AUTORELEASING = YES;
				CLANG_WARN_BOOL_CONVERSION = YES;
				CLANG_WARN_COMMA = YES;
				CLANG_WARN_CONSTANT_CONVERSION = YES;
				CLANG_WARN_DEPRECATED_OBJC_IMPLEMENTATIONS = YES;
				CLANG_WARN_DIRECT_OBJC_ISA_USAGE = YES_ERROR;
				CLANG_WARN_DOCUMENTATION_COMMENTS = YES;
				CLANG_WARN_EMPTY_BODY = YES;
				CLANG_WARN_ENUM_CONVERSION = YES;
				CLANG_WARN_INFINITE_RECURSION = YES;
				CLANG_WARN_INT_CONVERSION = YES;
				CLANG_WARN_NON_LITERAL_NULL_CONVERSION = YES;
				CLANG_WARN_OBJC_IMPLICIT_RETAIN_SELF = YES;
				CLANG_WARN_OBJC_LITERAL_CONVERSION = YES;
				CLANG_WARN_OBJC_ROOT_CLASS = YES_ERROR;
				CLANG_WARN_QUOTED_INCLUDE_IN_FRAMEWORK_HEADER = YES;
				CLANG_WARN_RANGE_LOOP_ANALYSIS = YES;
				CLANG_WARN_STRICT_PROTOTYPES = YES;
				CLANG_WARN_SUSPICIOUS_MOVE = YES;
				CLANG_WARN_UNGUARDED_AVAILABILITY = YES_AGGRESSIVE;
				CLANG_WARN_UNREACHABLE_CODE = YES;
				CLANG_WARN__DUPLICATE_METHOD_MATCH = YES;
				COPY_PHASE_STRIP = NO;
				DEBUG_INFORMATION_FORMAT = dwarf;
				ENABLE_STRICT_OBJC_MSGSEND = YES;
				ENABLE_TESTABILITY = YES;
				ENABLE_USER_SCRIPT_SANDBOXING = YES;
				GCC_C_LANGUAGE_STANDARD = gnu17;
				GCC_DYNAMIC_NO_PIC = NO;
				GCC_NO_COMMON_BLOCKS = YES;
				GCC_OPTIMIZATION_LEVEL = 0;
				GCC_PREPROCESSOR_DEFINITIONS = (
					"DEBUG=1",
					"$(inherited)",
				);
				GCC_WARN_64_TO_32_BIT_CONVERSION = YES;
				GCC_WARN_ABOUT_RETURN_TYPE = YES_ERROR;
				GCC_WARN_UNDECLARED_SELECTOR = YES;
				GCC_WARN_UNINITIALIZED_AUTOS = YES_AGGRESSIVE;
				GCC_WARN_UNUSED_FUNCTION = YES;
				GCC_WARN_UNUSED_VARIABLE = YES;
				IPHONEOS_DEPLOYMENT_TARGET = 18.0;
				LOCALIZATION_PREFERS_STRING_CATALOGS = YES;
				MTL_ENABLE_DEBUG_INFO = INCLUDE_SOURCE;
				MTL_FAST_MATH = YES;
				ONLY_ACTIVE_ARCH = YES;
				SDKROOT = iphoneos;
				SWIFT_ACTIVE_COMPILATION_CONDITIONS = "DEBUG $(inherited)";
				SWIFT_OPTIMIZATION_LEVEL = "-Onone";
			};
			name = Debug;
		};
		DEC3F5CE2EA02F22001F6509 /* Release */ = {
			isa = XCBuildConfiguration;
			buildSettings = {
				ALWAYS_SEARCH_USER_PATHS = NO;
				ASSETCATALOG_COMPILER_GENERATE_SWIFT_ASSET_SYMBOL_EXTENSIONS = YES;
				CLANG_ANALYZER_NONNULL = YES;
				CLANG_ANALYZER_NUMBER_OBJECT_CONVERSION = YES_AGGRESSIVE;
				CLANG_CXX_LANGUAGE_STANDARD = "gnu++20";
				CLANG_ENABLE_MODULES = YES;
				CLANG_ENABLE_OBJC_ARC = YES;
				CLANG_ENABLE_OBJC_WEAK = YES;
				CLANG_WARN_BLOCK_CAPTURE_AUTORELEASING = YES;
				CLANG_WARN_BOOL_CONVERSION = YES;
				CLANG_WARN_COMMA = YES;
				CLANG_WARN_CONSTANT_CONVERSION = YES;
				CLANG_WARN_DEPRECATED_OBJC_IMPLEMENTATIONS = YES;
				CLANG_WARN_DIRECT_OBJC_ISA_USAGE = YES_ERROR;
				CLANG_WARN_DOCUMENTATION_COMMENTS = YES;
				CLANG_WARN_EMPTY_BODY = YES;
				CLANG_WARN_ENUM_CONVERSION = YES;
				CLANG_WARN_INFINITE_RECURSION = YES;
				CLANG_WARN_INT_CONVERSION = YES;
				CLANG_WARN_NON_LITERAL_NULL_CONVERSION = YES;
				CLANG_WARN_OBJC_IMPLICIT_RETAIN_SELF = YES;
				CLANG_WARN_OBJC_LITERAL_CONVERSION = YES;
				CLANG_WARN_OBJC_ROOT_CLASS = YES_ERROR;
				CLANG_WARN_QUOTED_INCLUDE_IN_FRAMEWORK_HEADER = YES;
				CLANG_WARN_RANGE_LOOP_ANALYSIS = YES;
				CLANG_WARN_STRICT_PROTOTYPES = YES;
				CLANG_WARN_SUSPICIOUS_MOVE = YES;
				CLANG_WARN_UNGUARDED_AVAILABILITY = YES_AGGRESSIVE;
				CLANG_WARN_UNREACHABLE_CODE = YES;
				CLANG_WARN__DUPLICATE_METHOD_MATCH = YES;
				COPY_PHASE_STRIP = NO;
				DEBUG_INFORMATION_FORMAT = "dwarf-with-dsym";
				ENABLE_NS_ASSERTIONS = NO;
				ENABLE_STRICT_OBJC_MSGSEND = YES;
				ENABLE_USER_SCRIPT_SANDBOXING = YES;
				GCC_C_LANGUAGE_STANDARD = gnu17;
				GCC_NO_COMMON_BLOCKS = YES;
				GCC_WARN_64_TO_32_BIT_CONVERSION = YES;
				GCC_WARN_ABOUT_RETURN_TYPE = YES_ERROR;
				GCC_WARN_UNDECLARED_SELECTOR = YES;
				GCC_WARN_UNINITIALIZED_AUTOS = YES_AGGRESSIVE;
				GCC_WARN_UNUSED_FUNCTION = YES;
				GCC_WARN_UNUSED_VARIABLE = YES;
				IPHONEOS_DEPLOYMENT_TARGET = 18.0;
				LOCALIZATION_PREFERS_STRING_CATALOGS = YES;
				MTL_ENABLE_DEBUG_INFO = NO;
				MTL_FAST_MATH = YES;
				SDKROOT = iphoneos;
				SWIFT_COMPILATION_MODE = wholemodule;
				VALIDATE_PRODUCT = YES;
			};
			name = Release;
		};
		DEC3F5D02EA02F22001F6509 /* Debug */ = {
			isa = XCBuildConfiguration;
			buildSettings = {
				ASSETCATALOG_COMPILER_APPICON_NAME = AppIcon;
				ASSETCATALOG_COMPILER_GLOBAL_ACCENT_COLOR_NAME = AccentColor;
				CODE_SIGN_STYLE = Automatic;
				CURRENT_PROJECT_VERSION = 1;
				ENABLE_PREVIEWS = YES;
				GENERATE_INFOPLIST_FILE = YES;
				INFOPLIST_KEY_NSLocationWhenInUseUsageDescription = "We need your location so that we can show it on the map.";
				INFOPLIST_KEY_UIApplicationSceneManifest_Generation = YES;
				INFOPLIST_KEY_UIApplicationSupportsIndirectInputEvents = YES;
				INFOPLIST_KEY_UILaunchScreen_Generation = YES;
				INFOPLIST_KEY_UISupportedInterfaceOrientations_iPad = "UIInterfaceOrientationPortrait UIInterfaceOrientationPortraitUpsideDown UIInterfaceOrientationLandscapeLeft UIInterfaceOrientationLandscapeRight";
				INFOPLIST_KEY_UISupportedInterfaceOrientations_iPhone = "UIInterfaceOrientationPortrait UIInterfaceOrientationLandscapeLeft UIInterfaceOrientationLandscapeRight";
				LD_RUNPATH_SEARCH_PATHS = (
					"$(inherited)",
					"@executable_path/Frameworks",
				);
				MARKETING_VERSION = 1.0;
				PRODUCT_BUNDLE_IDENTIFIER = com.CycleTeam.CycleSpot;
				PRODUCT_NAME = "$(TARGET_NAME)";
				SWIFT_EMIT_LOC_STRINGS = YES;
				SWIFT_VERSION = 5.0;
				TARGETED_DEVICE_FAMILY = "1,2";
			};
			name = Debug;
		};
		DEC3F5D12EA02F22001F6509 /* Release */ = {
			isa = XCBuildConfiguration;
			buildSettings = {
				ASSETCATALOG_COMPILER_APPICON_NAME = AppIcon;
				ASSETCATALOG_COMPILER_GLOBAL_ACCENT_COLOR_NAME = AccentColor;
				CODE_SIGN_STYLE = Automatic;
				CURRENT_PROJECT_VERSION = 1;
				ENABLE_PREVIEWS = YES;
				GENERATE_INFOPLIST_FILE = YES;
				INFOPLIST_KEY_NSLocationWhenInUseUsageDescription = "We need your location so that we can show it on the map.";
				INFOPLIST_KEY_UIApplicationSceneManifest_Generation = YES;
				INFOPLIST_KEY_UIApplicationSupportsIndirectInputEvents = YES;
				INFOPLIST_KEY_UILaunchScreen_Generation = YES;
				INFOPLIST_KEY_UISupportedInterfaceOrientations_iPad = "UIInterfaceOrientationPortrait UIInterfaceOrientationPortraitUpsideDown UIInterfaceOrientationLandscapeLeft UIInterfaceOrientationLandscapeRight";
				INFOPLIST_KEY_UISupportedInterfaceOrientations_iPhone = "UIInterfaceOrientationPortrait UIInterfaceOrientationLandscapeLeft UIInterfaceOrientationLandscapeRight";
				LD_RUNPATH_SEARCH_PATHS = (
					"$(inherited)",
					"@executable_path/Frameworks",
				);
				MARKETING_VERSION = 1.0;
				PRODUCT_BUNDLE_IDENTIFIER = com.CycleTeam.CycleSpot;
				PRODUCT_NAME = "$(TARGET_NAME)";
				SWIFT_EMIT_LOC_STRINGS = YES;
				SWIFT_VERSION = 5.0;
				TARGETED_DEVICE_FAMILY = "1,2";
			};
			name = Release;
		};
		DEC3F5D32EA02F22001F6509 /* Debug */ = {
			isa = XCBuildConfiguration;
			buildSettings = {
				BUNDLE_LOADER = "$(TEST_HOST)";
				CODE_SIGN_STYLE = Automatic;
				CURRENT_PROJECT_VERSION = 1;
				GENERATE_INFOPLIST_FILE = YES;
				IPHONEOS_DEPLOYMENT_TARGET = 18.5;
				MARKETING_VERSION = 1.0;
				PRODUCT_BUNDLE_IDENTIFIER = com.CycleTeam.CycleSpotTests;
				PRODUCT_NAME = "$(TARGET_NAME)";
				SWIFT_EMIT_LOC_STRINGS = NO;
				SWIFT_VERSION = 5.0;
				TARGETED_DEVICE_FAMILY = "1,2";
				TEST_HOST = "$(BUILT_PRODUCTS_DIR)/CycleSpot.app/$(BUNDLE_EXECUTABLE_FOLDER_PATH)/CycleSpot";
			};
			name = Debug;
		};
		DEC3F5D42EA02F22001F6509 /* Release */ = {
			isa = XCBuildConfiguration;
			buildSettings = {
				BUNDLE_LOADER = "$(TEST_HOST)";
				CODE_SIGN_STYLE = Automatic;
				CURRENT_PROJECT_VERSION = 1;
				GENERATE_INFOPLIST_FILE = YES;
				IPHONEOS_DEPLOYMENT_TARGET = 18.5;
				MARKETING_VERSION = 1.0;
				PRODUCT_BUNDLE_IDENTIFIER = com.CycleTeam.CycleSpotTests;
				PRODUCT_NAME = "$(TARGET_NAME)";
				SWIFT_EMIT_LOC_STRINGS = NO;
				SWIFT_VERSION = 5.0;
				TARGETED_DEVICE_FAMILY = "1,2";
				TEST_HOST = "$(BUILT_PRODUCTS_DIR)/CycleSpot.app/$(BUNDLE_EXECUTABLE_FOLDER_PATH)/CycleSpot";
			};
			name = Release;
		};
		DEC3F5D62EA02F22001F6509 /* Debug */ = {
			isa = XCBuildConfiguration;
			buildSettings = {
				CODE_SIGN_STYLE = Automatic;
				CURRENT_PROJECT_VERSION = 1;
				GENERATE_INFOPLIST_FILE = YES;
				MARKETING_VERSION = 1.0;
				PRODUCT_BUNDLE_IDENTIFIER = com.CycleTeam.CycleSpotUITests;
				PRODUCT_NAME = "$(TARGET_NAME)";
				SWIFT_EMIT_LOC_STRINGS = NO;
				SWIFT_VERSION = 5.0;
				TARGETED_DEVICE_FAMILY = "1,2";
				TEST_TARGET_NAME = CycleSpot;
			};
			name = Debug;
		};
		DEC3F5D72EA02F22001F6509 /* Release */ = {
			isa = XCBuildConfiguration;
			buildSettings = {
				CODE_SIGN_STYLE = Automatic;
				CURRENT_PROJECT_VERSION = 1;
				GENERATE_INFOPLIST_FILE = YES;
				MARKETING_VERSION = 1.0;
				PRODUCT_BUNDLE_IDENTIFIER = com.CycleTeam.CycleSpotUITests;
				PRODUCT_NAME = "$(TARGET_NAME)";
				SWIFT_EMIT_LOC_STRINGS = NO;
				SWIFT_VERSION = 5.0;
				TARGETED_DEVICE_FAMILY = "1,2";
				TEST_TARGET_NAME = CycleSpot;
			};
			name = Release;
		};
/* End XCBuildConfiguration section */

/* Begin XCConfigurationList section */
		DEC3F5A92EA02F20001F6509 /* Build configuration list for PBXProject "CycleSpot" */ = {
			isa = XCConfigurationList;
			buildConfigurations = (
				DEC3F5CD2EA02F22001F6509 /* Debug */,
				DEC3F5CE2EA02F22001F6509 /* Release */,
			);
			defaultConfigurationIsVisible = 0;
			defaultConfigurationName = Release;
		};
		DEC3F5CF2EA02F22001F6509 /* Build configuration list for PBXNativeTarget "CycleSpot" */ = {
			isa = XCConfigurationList;
			buildConfigurations = (
				DEC3F5D02EA02F22001F6509 /* Debug */,
				DEC3F5D12EA02F22001F6509 /* Release */,
			);
			defaultConfigurationIsVisible = 0;
			defaultConfigurationName = Release;
		};
		DEC3F5D22EA02F22001F6509 /* Build configuration list for PBXNativeTarget "CycleSpotTests" */ = {
			isa = XCConfigurationList;
			buildConfigurations = (
				DEC3F5D32EA02F22001F6509 /* Debug */,
				DEC3F5D42EA02F22001F6509 /* Release */,
			);
			defaultConfigurationIsVisible = 0;
			defaultConfigurationName = Release;
		};
		DEC3F5D52EA02F22001F6509 /* Build configuration list for PBXNativeTarget "CycleSpotUITests" */ = {
			isa = XCConfigurationList;
			buildConfigurations = (
				DEC3F5D62EA02F22001F6509 /* Debug */,
				DEC3F5D72EA02F22001F6509 /* Release */,
			);
			defaultConfigurationIsVisible = 0;
			defaultConfigurationName = Release;
		};
/* End XCConfigurationList section */

/* Begin XCRemoteSwiftPackageReference section */
		DE143AF52EAC14F900FC423C /* XCRemoteSwiftPackageReference "firebase-ios-sdk" */ = {
			isa = XCRemoteSwiftPackageReference;
			repositoryURL = "https://github.com/firebase/firebase-ios-sdk";
			requirement = {
				kind = versionRange;
				maximumVersion = 13.0.0;
				minimumVersion = 12.4.0;
			};
		};
/* End XCRemoteSwiftPackageReference section */

/* Begin XCSwiftPackageProductDependency section */
		DE143AF62EAC196A00FC423C /* FirebaseCore */ = {
			isa = XCSwiftPackageProductDependency;
			package = DE143AF52EAC14F900FC423C /* XCRemoteSwiftPackageReference "firebase-ios-sdk" */;
			productName = FirebaseCore;
		};
		DE143AF82EAC19F500FC423C /* FirebaseAuth */ = {
			isa = XCSwiftPackageProductDependency;
			package = DE143AF52EAC14F900FC423C /* XCRemoteSwiftPackageReference "firebase-ios-sdk" */;
			productName = FirebaseAuth;
		};
		DE143AFB2EAC1A0100FC423C /* FirebaseCore */ = {
			isa = XCSwiftPackageProductDependency;
			package = DE143AF52EAC14F900FC423C /* XCRemoteSwiftPackageReference "firebase-ios-sdk" */;
			productName = FirebaseCore;
		};
		DE143AFD2EAC1A0600FC423C /* FirebaseAuth */ = {
			isa = XCSwiftPackageProductDependency;
			package = DE143AF52EAC14F900FC423C /* XCRemoteSwiftPackageReference "firebase-ios-sdk" */;
			productName = FirebaseAuth;
		};
		F967F3F42EC1397C00BFA7C4 /* FirebaseFirestore */ = {
			isa = XCSwiftPackageProductDependency;
			package = DE143AF52EAC14F900FC423C /* XCRemoteSwiftPackageReference "firebase-ios-sdk" */;
			productName = FirebaseFirestore;
		};
/* End XCSwiftPackageProductDependency section */
	};
	rootObject = DEC3F5A62EA02F20001F6509 /* Project object */;
}
